
Microsoft Visual Studio Solution File, Format Version 12.00
# Visual Studio Version 17
VisualStudioVersion = 17.1.32210.238
MinimumVisualStudioVersion = 10.0.40219.1
Project("{FAE04EC0-301F-11D3-BF4B-00C04F79EFBC}") = "POUCHEN.REPORT.MM", "COMPLETE_FLAT_UI\POUCHEN.REPORT.MM.csproj", "{2C6921B3-8558-4914-8254-11C9EE505B00}"
EndProject
Global
	GlobalSection(SolutionConfigurationPlatforms) = preSolution
		Debug|Any CPU = Debug|Any CPU
		Debug|x86 = Debug|x86
		Release|Any CPU = Release|Any CPU
		Release|x86 = Release|x86
	EndGlobalSection
	GlobalSection(ProjectConfigurationPlatforms) = postSolution
		{2C6921B3-8558-4914-8254-11C9EE505B00}.Debug|Any CPU.ActiveCfg = Debug|x64
		{2C6921B3-8558-4914-8254-11C9EE505B00}.Debug|Any CPU.Build.0 = Debug|x64
		{2C6921B3-8558-4914-8254-11C9EE505B00}.Debug|x86.ActiveCfg = Debug|x86
		{2C6921B3-8558-4914-8254-11C9EE505B00}.Debug|x86.Build.0 = Debug|x86
		{2C6921B3-8558-4914-8254-11C9EE505B00}.Release|Any CPU.ActiveCfg = Release|Any CPU
		{2C6921B3-8558-4914-8254-11C9EE505B00}.Release|Any CPU.Build.0 = Release|Any CPU
		{2C6921B3-8558-4914-8254-11C9EE505B00}.Release|x86.ActiveCfg = Release|x86
		{2C6921B3-8558-4914-8254-11C9EE505B00}.Release|x86.Build.0 = Release|x86
	EndGlobalSection
	GlobalSection(SolutionProperties) = preSolution
		HideSolutionNode = FALSE
	EndGlobalSection
	GlobalSection(ExtensibilityGlobals) = postSolution
		SolutionGuid = {6DC19CA7-64FA-4950-A55E-B6BFFE037686}
	EndGlobalSection
EndGlobal
